
Microsoft Visual Studio Solution File, Format Version 12.00
# Visual Studio Version 17
VisualStudioVersion = 17.14.36414.22 d17.14
MinimumVisualStudioVersion = 10.0.40219.1
Project("{FAE04EC0-301F-11D3-BF4B-00C04F79EFBC}") = "RiichiMahjongProcessor", "RiichiMahjongProcessor\RiichiMahjongProcessor.csproj", "{49A5D8C2-E8D7-4380-A5CE-20B27AFC2D4D}"
EndProject
Global
	GlobalSection(SolutionConfigurationPlatforms) = preSolution
		Debug|Any CPU = Debug|Any CPU
		Release|Any CPU = Release|Any CPU
	EndGlobalSection
	GlobalSection(ProjectConfigurationPlatforms) = postSolution
		{49A5D8C2-E8D7-4380-A5CE-20B27AFC2D4D}.Debug|Any CPU.ActiveCfg = Debug|Any CPU
		{49A5D8C2-E8D7-4380-A5CE-20B27AFC2D4D}.Debug|Any CPU.Build.0 = Debug|Any CPU
		{49A5D8C2-E8D7-4380-A5CE-20B27AFC2D4D}.Release|Any CPU.ActiveCfg = Release|Any CPU
		{49A5D8C2-E8D7-4380-A5CE-20B27AFC2D4D}.Release|Any CPU.Build.0 = Release|Any CPU
	EndGlobalSection
	GlobalSection(SolutionProperties) = preSolution
		HideSolutionNode = FALSE
	EndGlobalSection
	GlobalSection(ExtensibilityGlobals) = postSolution
		SolutionGuid = {74434A79-8501-4E41-A201-8F5331C10F04}
	EndGlobalSection
EndGlobal
